
Microsoft Visual Studio Solution File, Format Version 12.00
# Visual Studio 2012
Project("{FAE04EC0-301F-11D3-BF4B-00C04F79EFBC}") = "BrainFoodFriday.Android", "BrainFoodFriday.Android\BrainFoodFriday.Android.csproj", "{55F83B5E-FEF0-4B5D-9BE5-453771C2D341}"
EndProject
Project("{FAE04EC0-301F-11D3-BF4B-00C04F79EFBC}") = "BrainFoodFriday.iOS", "BrainFoodFriday.iOS\BrainFoodFriday.iOS.csproj", "{2E2339BC-0413-40A7-9D72-87BB99D08C53}"
EndProject
Project("{FAE04EC0-301F-11D3-BF4B-00C04F79EFBC}") = "BrainFoodFriday.UITests", "BrainFoodFriday.UITests\BrainFoodFriday.UITests.csproj", "{B19C892E-2628-4CA7-AD27-08D406A3B14B}"
EndProject
Project("{FAE04EC0-301F-11D3-BF4B-00C04F79EFBC}") = "BrainFoodFriday", "BrainFoodFriday.Core\BrainFoodFriday.csproj", "{BC411D04-0DBC-4CCB-B5E2-16B9A0313453}"
EndProject
Global
	GlobalSection(SolutionConfigurationPlatforms) = preSolution
		Debug|Any CPU = Debug|Any CPU
		Release|Any CPU = Release|Any CPU
		Debug|iPhoneSimulator = Debug|iPhoneSimulator
		Release|iPhoneSimulator = Release|iPhoneSimulator
		Debug|iPhone = Debug|iPhone
		Release|iPhone = Release|iPhone
	EndGlobalSection
	GlobalSection(ProjectConfigurationPlatforms) = postSolution
		{55F83B5E-FEF0-4B5D-9BE5-453771C2D341}.Debug|Any CPU.ActiveCfg = Debug|Any CPU
		{55F83B5E-FEF0-4B5D-9BE5-453771C2D341}.Debug|Any CPU.Build.0 = Debug|Any CPU
		{55F83B5E-FEF0-4B5D-9BE5-453771C2D341}.Release|Any CPU.ActiveCfg = Release|Any CPU
		{55F83B5E-FEF0-4B5D-9BE5-453771C2D341}.Release|Any CPU.Build.0 = Release|Any CPU
		{55F83B5E-FEF0-4B5D-9BE5-453771C2D341}.Debug|iPhoneSimulator.ActiveCfg = Debug|Any CPU
		{55F83B5E-FEF0-4B5D-9BE5-453771C2D341}.Debug|iPhoneSimulator.Build.0 = Debug|Any CPU
		{55F83B5E-FEF0-4B5D-9BE5-453771C2D341}.Release|iPhoneSimulator.ActiveCfg = Release|Any CPU
		{55F83B5E-FEF0-4B5D-9BE5-453771C2D341}.Release|iPhoneSimulator.Build.0 = Release|Any CPU
		{55F83B5E-FEF0-4B5D-9BE5-453771C2D341}.Debug|iPhone.ActiveCfg = Debug|Any CPU
		{55F83B5E-FEF0-4B5D-9BE5-453771C2D341}.Debug|iPhone.Build.0 = Debug|Any CPU
		{55F83B5E-FEF0-4B5D-9BE5-453771C2D341}.Release|iPhone.ActiveCfg = Release|Any CPU
		{55F83B5E-FEF0-4B5D-9BE5-453771C2D341}.Release|iPhone.Build.0 = Release|Any CPU
		{2E2339BC-0413-40A7-9D72-87BB99D08C53}.Debug|Any CPU.ActiveCfg = Debug|iPhoneSimulator
		{2E2339BC-0413-40A7-9D72-87BB99D08C53}.Debug|Any CPU.Build.0 = Debug|iPhoneSimulator
		{2E2339BC-0413-40A7-9D72-87BB99D08C53}.Release|Any CPU.ActiveCfg = Release|iPhoneSimulator
		{2E2339BC-0413-40A7-9D72-87BB99D08C53}.Release|Any CPU.Build.0 = Release|iPhoneSimulator
		{2E2339BC-0413-40A7-9D72-87BB99D08C53}.Debug|iPhoneSimulator.ActiveCfg = Debug|iPhoneSimulator
		{2E2339BC-0413-40A7-9D72-87BB99D08C53}.Debug|iPhoneSimulator.Build.0 = Debug|iPhoneSimulator
		{2E2339BC-0413-40A7-9D72-87BB99D08C53}.Release|iPhoneSimulator.ActiveCfg = Release|iPhoneSimulator
		{2E2339BC-0413-40A7-9D72-87BB99D08C53}.Release|iPhoneSimulator.Build.0 = Release|iPhoneSimulator
		{2E2339BC-0413-40A7-9D72-87BB99D08C53}.Debug|iPhone.ActiveCfg = Debug|iPhone
		{2E2339BC-0413-40A7-9D72-87BB99D08C53}.Debug|iPhone.Build.0 = Debug|iPhone
		{2E2339BC-0413-40A7-9D72-87BB99D08C53}.Release|iPhone.ActiveCfg = Release|iPhone
		{2E2339BC-0413-40A7-9D72-87BB99D08C53}.Release|iPhone.Build.0 = Release|iPhone
		{B19C892E-2628-4CA7-AD27-08D406A3B14B}.Debug|Any CPU.ActiveCfg = Debug|Any CPU
		{B19C892E-2628-4CA7-AD27-08D406A3B14B}.Debug|Any CPU.Build.0 = Debug|Any CPU
		{B19C892E-2628-4CA7-AD27-08D406A3B14B}.Release|Any CPU.ActiveCfg = Release|Any CPU
		{B19C892E-2628-4CA7-AD27-08D406A3B14B}.Release|Any CPU.Build.0 = Release|Any CPU
		{B19C892E-2628-4CA7-AD27-08D406A3B14B}.Debug|iPhoneSimulator.ActiveCfg = Debug|Any CPU
		{B19C892E-2628-4CA7-AD27-08D406A3B14B}.Debug|iPhoneSimulator.Build.0 = Debug|Any CPU
		{B19C892E-2628-4CA7-AD27-08D406A3B14B}.Release|iPhoneSimulator.ActiveCfg = Release|Any CPU
		{B19C892E-2628-4CA7-AD27-08D406A3B14B}.Release|iPhoneSimulator.Build.0 = Release|Any CPU
		{B19C892E-2628-4CA7-AD27-08D406A3B14B}.Debug|iPhone.ActiveCfg = Debug|Any CPU
		{B19C892E-2628-4CA7-AD27-08D406A3B14B}.Debug|iPhone.Build.0 = Debug|Any CPU
		{B19C892E-2628-4CA7-AD27-08D406A3B14B}.Release|iPhone.ActiveCfg = Release|Any CPU
		{B19C892E-2628-4CA7-AD27-08D406A3B14B}.Release|iPhone.Build.0 = Release|Any CPU
		{BC411D04-0DBC-4CCB-B5E2-16B9A0313453}.Debug|Any CPU.ActiveCfg = Debug|Any CPU
		{BC411D04-0DBC-4CCB-B5E2-16B9A0313453}.Debug|Any CPU.Build.0 = Debug|Any CPU
		{BC411D04-0DBC-4CCB-B5E2-16B9A0313453}.Release|Any CPU.ActiveCfg = Release|Any CPU
		{BC411D04-0DBC-4CCB-B5E2-16B9A0313453}.Release|Any CPU.Build.0 = Release|Any CPU
		{BC411D04-0DBC-4CCB-B5E2-16B9A0313453}.Debug|iPhoneSimulator.ActiveCfg = Debug|Any CPU
		{BC411D04-0DBC-4CCB-B5E2-16B9A0313453}.Debug|iPhoneSimulator.Build.0 = Debug|Any CPU
		{BC411D04-0DBC-4CCB-B5E2-16B9A0313453}.Release|iPhoneSimulator.ActiveCfg = Release|Any CPU
		{BC411D04-0DBC-4CCB-B5E2-16B9A0313453}.Release|iPhoneSimulator.Build.0 = Release|Any CPU
		{BC411D04-0DBC-4CCB-B5E2-16B9A0313453}.Debug|iPhone.ActiveCfg = Debug|Any CPU
		{BC411D04-0DBC-4CCB-B5E2-16B9A0313453}.Debug|iPhone.Build.0 = Debug|Any CPU
		{BC411D04-0DBC-4CCB-B5E2-16B9A0313453}.Release|iPhone.ActiveCfg = Release|Any CPU
		{BC411D04-0DBC-4CCB-B5E2-16B9A0313453}.Release|iPhone.Build.0 = Release|Any CPU
	EndGlobalSection
	GlobalSection(NestedProjects) = preSolution
	EndGlobalSection
EndGlobal
